
Microsoft Visual Studio Solution File, Format Version 12.00
# Visual Studio Version 16
VisualStudioVersion = 16.0.28922.388
MinimumVisualStudioVersion = 10.0.40219.1
Project("{FAE04EC0-301F-11D3-BF4B-00C04F79EFBC}") = "cadastro-funcionarios_API", "cadastro-funcionarios_API\cadastro-funcionarios_API.csproj", "{350C70C7-D7FF-4829-9879-7A2A5142ACA4}"
EndProject
Global
	GlobalSection(SolutionConfigurationPlatforms) = preSolution
		Debug|Any CPU = Debug|Any CPU
		Release|Any CPU = Release|Any CPU
	EndGlobalSection
	GlobalSection(ProjectConfigurationPlatforms) = postSolution
		{350C70C7-D7FF-4829-9879-7A2A5142ACA4}.Debug|Any CPU.ActiveCfg = Debug|Any CPU
		{350C70C7-D7FF-4829-9879-7A2A5142ACA4}.Debug|Any CPU.Build.0 = Debug|Any CPU
		{350C70C7-D7FF-4829-9879-7A2A5142ACA4}.Release|Any CPU.ActiveCfg = Release|Any CPU
		{350C70C7-D7FF-4829-9879-7A2A5142ACA4}.Release|Any CPU.Build.0 = Release|Any CPU
	EndGlobalSection
	GlobalSection(SolutionProperties) = preSolution
		HideSolutionNode = FALSE
	EndGlobalSection
	GlobalSection(ExtensibilityGlobals) = postSolution
		SolutionGuid = {561DC43D-4687-4288-81EF-EBDAC3F7A565}
	EndGlobalSection
EndGlobal
